
Microsoft Visual Studio Solution File, Format Version 12.00
# Visual Studio Version 16
VisualStudioVersion = 16.0.30204.135
MinimumVisualStudioVersion = 10.0.40219.1
Project("{FAE04EC0-301F-11D3-BF4B-00C04F79EFBC}") = "DPMobilApp.Android", "DPMobilApp\DPMobilApp.Android\DPMobilApp.Android.csproj", "{D427B4D0-FFC7-49C2-9D41-07F958B4C6F3}"
EndProject
Project("{9A19103F-16F7-4668-BE54-9A1E7A4F7556}") = "DPMobilApp", "DPMobilApp\DPMobilApp\DPMobilApp.csproj", "{217D557A-EB0C-4AE2-8177-51C6332BD10C}"
EndProject
Project("{2150E333-8FDC-42A3-9474-1A3956D46DE8}") = "Solution Items", "Solution Items", "{7BAD3D83-1194-4AE0-946A-0033322E535D}"
	ProjectSection(SolutionItems) = preProject
		.editorconfig = .editorconfig
	EndProjectSection
EndProject
Global
	GlobalSection(SolutionConfigurationPlatforms) = preSolution
		Ad-Hoc|Any CPU = Ad-Hoc|Any CPU
		Ad-Hoc|iPhone = Ad-Hoc|iPhone
		Ad-Hoc|iPhoneSimulator = Ad-Hoc|iPhoneSimulator
		AppStore|Any CPU = AppStore|Any CPU
		AppStore|iPhone = AppStore|iPhone
		AppStore|iPhoneSimulator = AppStore|iPhoneSimulator
		Debug|Any CPU = Debug|Any CPU
		Debug|iPhone = Debug|iPhone
		Debug|iPhoneSimulator = Debug|iPhoneSimulator
		Release|Any CPU = Release|Any CPU
		Release|iPhone = Release|iPhone
		Release|iPhoneSimulator = Release|iPhoneSimulator
	EndGlobalSection
	GlobalSection(ProjectConfigurationPlatforms) = postSolution
		{D427B4D0-FFC7-49C2-9D41-07F958B4C6F3}.Ad-Hoc|Any CPU.ActiveCfg = Release|Any CPU
		{D427B4D0-FFC7-49C2-9D41-07F958B4C6F3}.Ad-Hoc|Any CPU.Build.0 = Release|Any CPU
		{D427B4D0-FFC7-49C2-9D41-07F958B4C6F3}.Ad-Hoc|Any CPU.Deploy.0 = Release|Any CPU
		{D427B4D0-FFC7-49C2-9D41-07F958B4C6F3}.Ad-Hoc|iPhone.ActiveCfg = Release|Any CPU
		{D427B4D0-FFC7-49C2-9D41-07F958B4C6F3}.Ad-Hoc|iPhone.Build.0 = Release|Any CPU
		{D427B4D0-FFC7-49C2-9D41-07F958B4C6F3}.Ad-Hoc|iPhone.Deploy.0 = Release|Any CPU
		{D427B4D0-FFC7-49C2-9D41-07F958B4C6F3}.Ad-Hoc|iPhoneSimulator.ActiveCfg = Release|Any CPU
		{D427B4D0-FFC7-49C2-9D41-07F958B4C6F3}.Ad-Hoc|iPhoneSimulator.Build.0 = Release|Any CPU
		{D427B4D0-FFC7-49C2-9D41-07F958B4C6F3}.Ad-Hoc|iPhoneSimulator.Deploy.0 = Release|Any CPU
		{D427B4D0-FFC7-49C2-9D41-07F958B4C6F3}.AppStore|Any CPU.ActiveCfg = Release|Any CPU
		{D427B4D0-FFC7-49C2-9D41-07F958B4C6F3}.AppStore|Any CPU.Build.0 = Release|Any CPU
		{D427B4D0-FFC7-49C2-9D41-07F958B4C6F3}.AppStore|Any CPU.Deploy.0 = Release|Any CPU
		{D427B4D0-FFC7-49C2-9D41-07F958B4C6F3}.AppStore|iPhone.ActiveCfg = Release|Any CPU
		{D427B4D0-FFC7-49C2-9D41-07F958B4C6F3}.AppStore|iPhone.Build.0 = Release|Any CPU
		{D427B4D0-FFC7-49C2-9D41-07F958B4C6F3}.AppStore|iPhone.Deploy.0 = Release|Any CPU
		{D427B4D0-FFC7-49C2-9D41-07F958B4C6F3}.AppStore|iPhoneSimulator.ActiveCfg = Release|Any CPU
		{D427B4D0-FFC7-49C2-9D41-07F958B4C6F3}.AppStore|iPhoneSimulator.Build.0 = Release|Any CPU
		{D427B4D0-FFC7-49C2-9D41-07F958B4C6F3}.AppStore|iPhoneSimulator.Deploy.0 = Release|Any CPU
		{D427B4D0-FFC7-49C2-9D41-07F958B4C6F3}.Debug|Any CPU.ActiveCfg = Debug|Any CPU
		{D427B4D0-FFC7-49C2-9D41-07F958B4C6F3}.Debug|Any CPU.Build.0 = Debug|Any CPU
		{D427B4D0-FFC7-49C2-9D41-07F958B4C6F3}.Debug|Any CPU.Deploy.0 = Debug|Any CPU
		{D427B4D0-FFC7-49C2-9D41-07F958B4C6F3}.Debug|iPhone.ActiveCfg = Debug|Any CPU
		{D427B4D0-FFC7-49C2-9D41-07F958B4C6F3}.Debug|iPhone.Build.0 = Debug|Any CPU
		{D427B4D0-FFC7-49C2-9D41-07F958B4C6F3}.Debug|iPhone.Deploy.0 = Debug|Any CPU
		{D427B4D0-FFC7-49C2-9D41-07F958B4C6F3}.Debug|iPhoneSimulator.ActiveCfg = Debug|Any CPU
		{D427B4D0-FFC7-49C2-9D41-07F958B4C6F3}.Debug|iPhoneSimulator.Build.0 = Debug|Any CPU
		{D427B4D0-FFC7-49C2-9D41-07F958B4C6F3}.Debug|iPhoneSimulator.Deploy.0 = Debug|Any CPU
		{D427B4D0-FFC7-49C2-9D41-07F958B4C6F3}.Release|Any CPU.ActiveCfg = Release|Any CPU
		{D427B4D0-FFC7-49C2-9D41-07F958B4C6F3}.Release|Any CPU.Build.0 = Release|Any CPU
		{D427B4D0-FFC7-49C2-9D41-07F958B4C6F3}.Release|Any CPU.Deploy.0 = Release|Any CPU
		{D427B4D0-FFC7-49C2-9D41-07F958B4C6F3}.Release|iPhone.ActiveCfg = Release|Any CPU
		{D427B4D0-FFC7-49C2-9D41-07F958B4C6F3}.Release|iPhone.Build.0 = Release|Any CPU
		{D427B4D0-FFC7-49C2-9D41-07F958B4C6F3}.Release|iPhone.Deploy.0 = Release|Any CPU
		{D427B4D0-FFC7-49C2-9D41-07F958B4C6F3}.Release|iPhoneSimulator.ActiveCfg = Release|Any CPU
		{D427B4D0-FFC7-49C2-9D41-07F958B4C6F3}.Release|iPhoneSimulator.Build.0 = Release|Any CPU
		{D427B4D0-FFC7-49C2-9D41-07F958B4C6F3}.Release|iPhoneSimulator.Deploy.0 = Release|Any CPU
		{217D557A-EB0C-4AE2-8177-51C6332BD10C}.Ad-Hoc|Any CPU.ActiveCfg = Debug|Any CPU
		{217D557A-EB0C-4AE2-8177-51C6332BD10C}.Ad-Hoc|Any CPU.Build.0 = Debug|Any CPU
		{217D557A-EB0C-4AE2-8177-51C6332BD10C}.Ad-Hoc|iPhone.ActiveCfg = Debug|Any CPU
		{217D557A-EB0C-4AE2-8177-51C6332BD10C}.Ad-Hoc|iPhone.Build.0 = Debug|Any CPU
		{217D557A-EB0C-4AE2-8177-51C6332BD10C}.Ad-Hoc|iPhoneSimulator.ActiveCfg = Debug|Any CPU
		{217D557A-EB0C-4AE2-8177-51C6332BD10C}.Ad-Hoc|iPhoneSimulator.Build.0 = Debug|Any CPU
		{217D557A-EB0C-4AE2-8177-51C6332BD10C}.AppStore|Any CPU.ActiveCfg = Debug|Any CPU
		{217D557A-EB0C-4AE2-8177-51C6332BD10C}.AppStore|Any CPU.Build.0 = Debug|Any CPU
		{217D557A-EB0C-4AE2-8177-51C6332BD10C}.AppStore|iPhone.ActiveCfg = Debug|Any CPU
		{217D557A-EB0C-4AE2-8177-51C6332BD10C}.AppStore|iPhone.Build.0 = Debug|Any CPU
		{217D557A-EB0C-4AE2-8177-51C6332BD10C}.AppStore|iPhoneSimulator.ActiveCfg = Debug|Any CPU
		{217D557A-EB0C-4AE2-8177-51C6332BD10C}.AppStore|iPhoneSimulator.Build.0 = Debug|Any CPU
		{217D557A-EB0C-4AE2-8177-51C6332BD10C}.Debug|Any CPU.ActiveCfg = Debug|Any CPU
		{217D557A-EB0C-4AE2-8177-51C6332BD10C}.Debug|Any CPU.Build.0 = Debug|Any CPU
		{217D557A-EB0C-4AE2-8177-51C6332BD10C}.Debug|iPhone.ActiveCfg = Debug|Any CPU
		{217D557A-EB0C-4AE2-8177-51C6332BD10C}.Debug|iPhone.Build.0 = Debug|Any CPU
		{217D557A-EB0C-4AE2-8177-51C6332BD10C}.Debug|iPhoneSimulator.ActiveCfg = Debug|Any CPU
		{217D557A-EB0C-4AE2-8177-51C6332BD10C}.Debug|iPhoneSimulator.Build.0 = Debug|Any CPU
		{217D557A-EB0C-4AE2-8177-51C6332BD10C}.Release|Any CPU.ActiveCfg = Release|Any CPU
		{217D557A-EB0C-4AE2-8177-51C6332BD10C}.Release|Any CPU.Build.0 = Release|Any CPU
		{217D557A-EB0C-4AE2-8177-51C6332BD10C}.Release|iPhone.ActiveCfg = Release|Any CPU
		{217D557A-EB0C-4AE2-8177-51C6332BD10C}.Release|iPhone.Build.0 = Release|Any CPU
		{217D557A-EB0C-4AE2-8177-51C6332BD10C}.Release|iPhoneSimulator.ActiveCfg = Release|Any CPU
		{217D557A-EB0C-4AE2-8177-51C6332BD10C}.Release|iPhoneSimulator.Build.0 = Release|Any CPU
	EndGlobalSection
	GlobalSection(SolutionProperties) = preSolution
		HideSolutionNode = FALSE
	EndGlobalSection
	GlobalSection(ExtensibilityGlobals) = postSolution
		SolutionGuid = {522A6FFA-897F-46B9-A486-D98B8F73AC51}
	EndGlobalSection
EndGlobal
